// !$*UTF8*$!
{
	archiveVersion = 1;
	classes = {
	};
	objectVersion = 56;
	objects = {

/* Begin PBXBuildFile section */
		722CD3FF2C02206F001A8793 /* PostViewController.swift in Sources */ = {isa = PBXBuildFile; fileRef = 722CD3FE2C02206E001A8793 /* PostViewController.swift */; };
		722CD4012C022AB2001A8793 /* ConfirmViewController.swift in Sources */ = {isa = PBXBuildFile; fileRef = 722CD4002C022AB2001A8793 /* ConfirmViewController.swift */; };
		72313BC62BFF7A0600F26806 /* AppDelegate.swift in Sources */ = {isa = PBXBuildFile; fileRef = 72313BC52BFF7A0600F26806 /* AppDelegate.swift */; };
		72313BC82BFF7A0600F26806 /* SceneDelegate.swift in Sources */ = {isa = PBXBuildFile; fileRef = 72313BC72BFF7A0600F26806 /* SceneDelegate.swift */; };
		72313BCA2BFF7A0600F26806 /* ViewController.swift in Sources */ = {isa = PBXBuildFile; fileRef = 72313BC92BFF7A0600F26806 /* ViewController.swift */; };
		72313BCD2BFF7A0600F26806 /* Base in Resources */ = {isa = PBXBuildFile; fileRef = 72313BCC2BFF7A0600F26806 /* Base */; };
		72313BCF2BFF7A0700F26806 /* Assets.xcassets in Resources */ = {isa = PBXBuildFile; fileRef = 72313BCE2BFF7A0700F26806 /* Assets.xcassets */; };
		72313BD22BFF7A0700F26806 /* Base in Resources */ = {isa = PBXBuildFile; fileRef = 72313BD12BFF7A0700F26806 /* Base */; };
		72313BDA2BFF7D1000F26806 /* GoogleService-Info.plist in Resources */ = {isa = PBXBuildFile; fileRef = 72313BD92BFF7D1000F26806 /* GoogleService-Info.plist */; };
		72313BDE2BFF804C00F26806 /* FirebaseAuth in Frameworks */ = {isa = PBXBuildFile; productRef = 72313BDD2BFF804C00F26806 /* FirebaseAuth */; };
		72313BE02BFF80F100F26806 /* FirebaseFirestore in Frameworks */ = {isa = PBXBuildFile; productRef = 72313BDF2BFF80F100F26806 /* FirebaseFirestore */; };
		72313BE22C00ADD900F26806 /* DataBaseControll.swift in Sources */ = {isa = PBXBuildFile; fileRef = 72313BE12C00ADD900F26806 /* DataBaseControll.swift */; };
		72450AFC2C0B181600AAD51E /* TestViewController.swift in Sources */ = {isa = PBXBuildFile; fileRef = 72450AFB2C0B181600AAD51E /* TestViewController.swift */; };
		7255CEE22C04B75100DDDF39 /* FriendsPostsViewController.swift in Sources */ = {isa = PBXBuildFile; fileRef = 7255CEE12C04B75100DDDF39 /* FriendsPostsViewController.swift */; };
		72C82F832C07282700088BDC /* FirstStartViewController.swift in Sources */ = {isa = PBXBuildFile; fileRef = 72C82F822C07282700088BDC /* FirstStartViewController.swift */; };
		72E31AA72C0B0F2E00B5CCBF /* TabBarController.swift in Sources */ = {isa = PBXBuildFile; fileRef = 72E31AA62C0B0F2E00B5CCBF /* TabBarController.swift */; };
/* End PBXBuildFile section */

/* Begin PBXFileReference section */
		722CD3FE2C02206E001A8793 /* PostViewController.swift */ = {isa = PBXFileReference; lastKnownFileType = sourcecode.swift; path = PostViewController.swift; sourceTree = "<group>"; };
		722CD4002C022AB2001A8793 /* ConfirmViewController.swift */ = {isa = PBXFileReference; lastKnownFileType = sourcecode.swift; path = ConfirmViewController.swift; sourceTree = "<group>"; };
		72313BC22BFF7A0600F26806 /* Novel_app.app */ = {isa = PBXFileReference; explicitFileType = wrapper.application; includeInIndex = 0; path = Novel_app.app; sourceTree = BUILT_PRODUCTS_DIR; };
		72313BC52BFF7A0600F26806 /* AppDelegate.swift */ = {isa = PBXFileReference; lastKnownFileType = sourcecode.swift; path = AppDelegate.swift; sourceTree = "<group>"; };
		72313BC72BFF7A0600F26806 /* SceneDelegate.swift */ = {isa = PBXFileReference; lastKnownFileType = sourcecode.swift; path = SceneDelegate.swift; sourceTree = "<group>"; };
		72313BC92BFF7A0600F26806 /* ViewController.swift */ = {isa = PBXFileReference; lastKnownFileType = sourcecode.swift; path = ViewController.swift; sourceTree = "<group>"; };
		72313BCC2BFF7A0600F26806 /* Base */ = {isa = PBXFileReference; lastKnownFileType = file.storyboard; name = Base; path = Base.lproj/Main.storyboard; sourceTree = "<group>"; };
		72313BCE2BFF7A0700F26806 /* Assets.xcassets */ = {isa = PBXFileReference; lastKnownFileType = folder.assetcatalog; path = Assets.xcassets; sourceTree = "<group>"; };
		72313BD12BFF7A0700F26806 /* Base */ = {isa = PBXFileReference; lastKnownFileType = file.storyboard; name = Base; path = Base.lproj/LaunchScreen.storyboard; sourceTree = "<group>"; };
		72313BD32BFF7A0700F26806 /* Info.plist */ = {isa = PBXFileReference; lastKnownFileType = text.plist.xml; path = Info.plist; sourceTree = "<group>"; };
		72313BD92BFF7D1000F26806 /* GoogleService-Info.plist */ = {isa = PBXFileReference; fileEncoding = 4; lastKnownFileType = text.plist.xml; name = "GoogleService-Info.plist"; path = "../../../../../Downloads/GoogleService-Info.plist"; sourceTree = "<group>"; };
		72313BE12C00ADD900F26806 /* DataBaseControll.swift */ = {isa = PBXFileReference; lastKnownFileType = sourcecode.swift; path = DataBaseControll.swift; sourceTree = "<group>"; };
		72450AFB2C0B181600AAD51E /* TestViewController.swift */ = {isa = PBXFileReference; lastKnownFileType = sourcecode.swift; path = TestViewController.swift; sourceTree = "<group>"; };
		7255CEE12C04B75100DDDF39 /* FriendsPostsViewController.swift */ = {isa = PBXFileReference; lastKnownFileType = sourcecode.swift; path = FriendsPostsViewController.swift; sourceTree = "<group>"; };
		72C82F822C07282700088BDC /* FirstStartViewController.swift */ = {isa = PBXFileReference; lastKnownFileType = sourcecode.swift; path = FirstStartViewController.swift; sourceTree = "<group>"; };
		72E31AA62C0B0F2E00B5CCBF /* TabBarController.swift */ = {isa = PBXFileReference; lastKnownFileType = sourcecode.swift; path = TabBarController.swift; sourceTree = "<group>"; };
/* End PBXFileReference section */

/* Begin PBXFrameworksBuildPhase section */
		72313BBF2BFF7A0600F26806 /* Frameworks */ = {
			isa = PBXFrameworksBuildPhase;
			buildActionMask = 2147483647;
			files = (
				72313BDE2BFF804C00F26806 /* FirebaseAuth in Frameworks */,
				72313BE02BFF80F100F26806 /* FirebaseFirestore in Frameworks */,
			);
			runOnlyForDeploymentPostprocessing = 0;
		};
/* End PBXFrameworksBuildPhase section */

/* Begin PBXGroup section */
		72313BB92BFF7A0600F26806 = {
			isa = PBXGroup;
			children = (
				72313BC42BFF7A0600F26806 /* Novel_app */,
				72313BC32BFF7A0600F26806 /* Products */,
				72313BDC2BFF804C00F26806 /* Frameworks */,
			);
			sourceTree = "<group>";
		};
		72313BC32BFF7A0600F26806 /* Products */ = {
			isa = PBXGroup;
			children = (
				72313BC22BFF7A0600F26806 /* Novel_app.app */,
			);
			name = Products;
			sourceTree = "<group>";
		};
		72313BC42BFF7A0600F26806 /* Novel_app */ = {
			isa = PBXGroup;
			children = (
				72313BD92BFF7D1000F26806 /* GoogleService-Info.plist */,
				72313BC52BFF7A0600F26806 /* AppDelegate.swift */,
				72313BC72BFF7A0600F26806 /* SceneDelegate.swift */,
				72C82F822C07282700088BDC /* FirstStartViewController.swift */,
				72313BC92BFF7A0600F26806 /* ViewController.swift */,
				722CD3FE2C02206E001A8793 /* PostViewController.swift */,
				722CD4002C022AB2001A8793 /* ConfirmViewController.swift */,
				72E31AA62C0B0F2E00B5CCBF /* TabBarController.swift */,
				7255CEE12C04B75100DDDF39 /* FriendsPostsViewController.swift */,
				72313BE12C00ADD900F26806 /* DataBaseControll.swift */,
				72313BCB2BFF7A0600F26806 /* Main.storyboard */,
				72313BCE2BFF7A0700F26806 /* Assets.xcassets */,
				72313BD02BFF7A0700F26806 /* LaunchScreen.storyboard */,
				72313BD32BFF7A0700F26806 /* Info.plist */,
				72450AFB2C0B181600AAD51E /* TestViewController.swift */,
			);
			path = Novel_app;
			sourceTree = "<group>";
		};
		72313BDC2BFF804C00F26806 /* Frameworks */ = {
			isa = PBXGroup;
			children = (
			);
			name = Frameworks;
			sourceTree = "<group>";
		};
/* End PBXGroup section */

/* Begin PBXNativeTarget section */
		72313BC12BFF7A0600F26806 /* Novel_app */ = {
			isa = PBXNativeTarget;
			buildConfigurationList = 72313BD62BFF7A0700F26806 /* Build configuration list for PBXNativeTarget "Novel_app" */;
			buildPhases = (
				72313BBE2BFF7A0600F26806 /* Sources */,
				72313BBF2BFF7A0600F26806 /* Frameworks */,
				72313BC02BFF7A0600F26806 /* Resources */,
			);
			buildRules = (
			);
			dependencies = (
			);
			name = Novel_app;
			packageProductDependencies = (
				72313BDD2BFF804C00F26806 /* FirebaseAuth */,
				72313BDF2BFF80F100F26806 /* FirebaseFirestore */,
			);
			productName = Novel_app;
			productReference = 72313BC22BFF7A0600F26806 /* Novel_app.app */;
			productType = "com.apple.product-type.application";
		};
/* End PBXNativeTarget section */

/* Begin PBXProject section */
		72313BBA2BFF7A0600F26806 /* Project object */ = {
			isa = PBXProject;
			attributes = {
				BuildIndependentTargetsInParallel = 1;
				LastSwiftUpdateCheck = 1540;
				LastUpgradeCheck = 1540;
				TargetAttributes = {
					72313BC12BFF7A0600F26806 = {
						CreatedOnToolsVersion = 15.4;
					};
				};
			};
			buildConfigurationList = 72313BBD2BFF7A0600F26806 /* Build configuration list for PBXProject "Novel_app" */;
			compatibilityVersion = "Xcode 14.0";
			developmentRegion = en;
			hasScannedForEncodings = 0;
			knownRegions = (
				en,
				Base,
			);
			mainGroup = 72313BB92BFF7A0600F26806;
			packageReferences = (
				72313BDB2BFF7D7200F26806 /* XCRemoteSwiftPackageReference "firebase-ios-sdk" */,
			);
			productRefGroup = 72313BC32BFF7A0600F26806 /* Products */;
			projectDirPath = "";
			projectRoot = "";
			targets = (
				72313BC12BFF7A0600F26806 /* Novel_app */,
			);
		};
/* End PBXProject section */

/* Begin PBXResourcesBuildPhase section */
		72313BC02BFF7A0600F26806 /* Resources */ = {
			isa = PBXResourcesBuildPhase;
			buildActionMask = 2147483647;
			files = (
				72313BCF2BFF7A0700F26806 /* Assets.xcassets in Resources */,
				72313BDA2BFF7D1000F26806 /* GoogleService-Info.plist in Resources */,
				72313BD22BFF7A0700F26806 /* Base in Resources */,
				72313BCD2BFF7A0600F26806 /* Base in Resources */,
			);
			runOnlyForDeploymentPostprocessing = 0;
		};
/* End PBXResourcesBuildPhase section */

/* Begin PBXSourcesBuildPhase section */
		72313BBE2BFF7A0600F26806 /* Sources */ = {
			isa = PBXSourcesBuildPhase;
			buildActionMask = 2147483647;
			files = (
				72450AFC2C0B181600AAD51E /* TestViewController.swift in Sources */,
				72313BCA2BFF7A0600F26806 /* ViewController.swift in Sources */,
				72313BE22C00ADD900F26806 /* DataBaseControll.swift in Sources */,
				72313BC62BFF7A0600F26806 /* AppDelegate.swift in Sources */,
				72E31AA72C0B0F2E00B5CCBF /* TabBarController.swift in Sources */,
				722CD4012C022AB2001A8793 /* ConfirmViewController.swift in Sources */,
				72C82F832C07282700088BDC /* FirstStartViewController.swift in Sources */,
				72313BC82BFF7A0600F26806 /* SceneDelegate.swift in Sources */,
				7255CEE22C04B75100DDDF39 /* FriendsPostsViewController.swift in Sources */,
				722CD3FF2C02206F001A8793 /* PostViewController.swift in Sources */,
			);
			runOnlyForDeploymentPostprocessing = 0;
		};
/* End PBXSourcesBuildPhase section */

/* Begin PBXVariantGroup section */
		72313BCB2BFF7A0600F26806 /* Main.storyboard */ = {
			isa = PBXVariantGroup;
			children = (
				72313BCC2BFF7A0600F26806 /* Base */,
			);
			name = Main.storyboard;
			sourceTree = "<group>";
		};
		72313BD02BFF7A0700F26806 /* LaunchScreen.storyboard */ = {
			isa = PBXVariantGroup;
			children = (
				72313BD12BFF7A0700F26806 /* Base */,
			);
			name = LaunchScreen.storyboard;
			sourceTree = "<group>";
		};
/* End PBXVariantGroup section */

/* Begin XCBuildConfiguration section */
		72313BD42BFF7A0700F26806 /* Debug */ = {
			isa = XCBuildConfiguration;
			buildSettings = {
				ALWAYS_SEARCH_USER_PATHS = NO;
				ASSETCATALOG_COMPILER_GENERATE_SWIFT_ASSET_SYMBOL_EXTENSIONS = YES;
				CLANG_ANALYZER_NONNULL = YES;
				CLANG_ANALYZER_NUMBER_OBJECT_CONVERSION = YES_AGGRESSIVE;
				CLANG_CXX_LANGUAGE_STANDARD = "gnu++20";
				CLANG_ENABLE_MODULES = YES;
				CLANG_ENABLE_OBJC_ARC = YES;
				CLANG_ENABLE_OBJC_WEAK = YES;
				CLANG_WARN_BLOCK_CAPTURE_AUTORELEASING = YES;
				CLANG_WARN_BOOL_CONVERSION = YES;
				CLANG_WARN_COMMA = YES;
				CLANG_WARN_CONSTANT_CONVERSION = YES;
				CLANG_WARN_DEPRECATED_OBJC_IMPLEMENTATIONS = YES;
				CLANG_WARN_DIRECT_OBJC_ISA_USAGE = YES_ERROR;
				CLANG_WARN_DOCUMENTATION_COMMENTS = YES;
				CLANG_WARN_EMPTY_BODY = YES;
				CLANG_WARN_ENUM_CONVERSION = YES;
				CLANG_WARN_INFINITE_RECURSION = YES;
				CLANG_WARN_INT_CONVERSION = YES;
				CLANG_WARN_NON_LITERAL_NULL_CONVERSION = YES;
				CLANG_WARN_OBJC_IMPLICIT_RETAIN_SELF = YES;
				CLANG_WARN_OBJC_LITERAL_CONVERSION = YES;
				CLANG_WARN_OBJC_ROOT_CLASS = YES_ERROR;
				CLANG_WARN_QUOTED_INCLUDE_IN_FRAMEWORK_HEADER = YES;
				CLANG_WARN_RANGE_LOOP_ANALYSIS = YES;
				CLANG_WARN_STRICT_PROTOTYPES = YES;
				CLANG_WARN_SUSPICIOUS_MOVE = YES;
				CLANG_WARN_UNGUARDED_AVAILABILITY = YES_AGGRESSIVE;
				CLANG_WARN_UNREACHABLE_CODE = YES;
				CLANG_WARN__DUPLICATE_METHOD_MATCH = YES;
				COPY_PHASE_STRIP = NO;
				DEBUG_INFORMATION_FORMAT = dwarf;
				ENABLE_STRICT_OBJC_MSGSEND = YES;
				ENABLE_TESTABILITY = YES;
				ENABLE_USER_SCRIPT_SANDBOXING = YES;
				GCC_C_LANGUAGE_STANDARD = gnu17;
				GCC_DYNAMIC_NO_PIC = NO;
				GCC_NO_COMMON_BLOCKS = YES;
				GCC_OPTIMIZATION_LEVEL = 0;
				GCC_PREPROCESSOR_DEFINITIONS = (
					"DEBUG=1",
					"$(inherited)",
				);
				GCC_WARN_64_TO_32_BIT_CONVERSION = YES;
				GCC_WARN_ABOUT_RETURN_TYPE = YES_ERROR;
				GCC_WARN_UNDECLARED_SELECTOR = YES;
				GCC_WARN_UNINITIALIZED_AUTOS = YES_AGGRESSIVE;
				GCC_WARN_UNUSED_FUNCTION = YES;
				GCC_WARN_UNUSED_VARIABLE = YES;
				IPHONEOS_DEPLOYMENT_TARGET = 17.5;
				LOCALIZATION_PREFERS_STRING_CATALOGS = YES;
				MTL_ENABLE_DEBUG_INFO = INCLUDE_SOURCE;
				MTL_FAST_MATH = YES;
				ONLY_ACTIVE_ARCH = YES;
				SDKROOT = iphoneos;
				SWIFT_ACTIVE_COMPILATION_CONDITIONS = "DEBUG $(inherited)";
				SWIFT_OPTIMIZATION_LEVEL = "-Onone";
			};
			name = Debug;
		};
		72313BD52BFF7A0700F26806 /* Release */ = {
			isa = XCBuildConfiguration;
			buildSettings = {
				ALWAYS_SEARCH_USER_PATHS = NO;
				ASSETCATALOG_COMPILER_GENERATE_SWIFT_ASSET_SYMBOL_EXTENSIONS = YES;
				CLANG_ANALYZER_NONNULL = YES;
				CLANG_ANALYZER_NUMBER_OBJECT_CONVERSION = YES_AGGRESSIVE;
				CLANG_CXX_LANGUAGE_STANDARD = "gnu++20";
				CLANG_ENABLE_MODULES = YES;
				CLANG_ENABLE_OBJC_ARC = YES;
				CLANG_ENABLE_OBJC_WEAK = YES;
				CLANG_WARN_BLOCK_CAPTURE_AUTORELEASING = YES;
				CLANG_WARN_BOOL_CONVERSION = YES;
				CLANG_WARN_COMMA = YES;
				CLANG_WARN_CONSTANT_CONVERSION = YES;
				CLANG_WARN_DEPRECATED_OBJC_IMPLEMENTATIONS = YES;
				CLANG_WARN_DIRECT_OBJC_ISA_USAGE = YES_ERROR;
				CLANG_WARN_DOCUMENTATION_COMMENTS = YES;
				CLANG_WARN_EMPTY_BODY = YES;
				CLANG_WARN_ENUM_CONVERSION = YES;
				CLANG_WARN_INFINITE_RECURSION = YES;
				CLANG_WARN_INT_CONVERSION = YES;
				CLANG_WARN_NON_LITERAL_NULL_CONVERSION = YES;
				CLANG_WARN_OBJC_IMPLICIT_RETAIN_SELF = YES;
				CLANG_WARN_OBJC_LITERAL_CONVERSION = YES;
				CLANG_WARN_OBJC_ROOT_CLASS = YES_ERROR;
				CLANG_WARN_QUOTED_INCLUDE_IN_FRAMEWORK_HEADER = YES;
				CLANG_WARN_RANGE_LOOP_ANALYSIS = YES;
				CLANG_WARN_STRICT_PROTOTYPES = YES;
				CLANG_WARN_SUSPICIOUS_MOVE = YES;
				CLANG_WARN_UNGUARDED_AVAILABILITY = YES_AGGRESSIVE;
				CLANG_WARN_UNREACHABLE_CODE = YES;
				CLANG_WARN__DUPLICATE_METHOD_MATCH = YES;
				COPY_PHASE_STRIP = NO;
				DEBUG_INFORMATION_FORMAT = "dwarf-with-dsym";
				ENABLE_NS_ASSERTIONS = NO;
				ENABLE_STRICT_OBJC_MSGSEND = YES;
				ENABLE_USER_SCRIPT_SANDBOXING = YES;
				GCC_C_LANGUAGE_STANDARD = gnu17;
				GCC_NO_COMMON_BLOCKS = YES;
				GCC_WARN_64_TO_32_BIT_CONVERSION = YES;
				GCC_WARN_ABOUT_RETURN_TYPE = YES_ERROR;
				GCC_WARN_UNDECLARED_SELECTOR = YES;
				GCC_WARN_UNINITIALIZED_AUTOS = YES_AGGRESSIVE;
				GCC_WARN_UNUSED_FUNCTION = YES;
				GCC_WARN_UNUSED_VARIABLE = YES;
				IPHONEOS_DEPLOYMENT_TARGET = 17.5;
				LOCALIZATION_PREFERS_STRING_CATALOGS = YES;
				MTL_ENABLE_DEBUG_INFO = NO;
				MTL_FAST_MATH = YES;
				SDKROOT = iphoneos;
				SWIFT_COMPILATION_MODE = wholemodule;
				VALIDATE_PRODUCT = YES;
			};
			name = Release;
		};
		72313BD72BFF7A0700F26806 /* Debug */ = {
			isa = XCBuildConfiguration;
			buildSettings = {
				ASSETCATALOG_COMPILER_APPICON_NAME = AppIcon;
				ASSETCATALOG_COMPILER_GLOBAL_ACCENT_COLOR_NAME = AccentColor;
				CODE_SIGN_STYLE = Automatic;
				CURRENT_PROJECT_VERSION = 1;
				DEVELOPMENT_TEAM = T2SK837QN7;
				GENERATE_INFOPLIST_FILE = YES;
				INFOPLIST_FILE = Novel_app/Info.plist;
				INFOPLIST_KEY_UIApplicationSupportsIndirectInputEvents = YES;
				INFOPLIST_KEY_UILaunchStoryboardName = LaunchScreen;
				INFOPLIST_KEY_UIMainStoryboardFile = Main;
				INFOPLIST_KEY_UISupportedInterfaceOrientations_iPad = "UIInterfaceOrientationPortrait UIInterfaceOrientationPortraitUpsideDown UIInterfaceOrientationLandscapeLeft UIInterfaceOrientationLandscapeRight";
				INFOPLIST_KEY_UISupportedInterfaceOrientations_iPhone = "UIInterfaceOrientationPortrait UIInterfaceOrientationLandscapeLeft UIInterfaceOrientationLandscapeRight";
				LD_RUNPATH_SEARCH_PATHS = (
					"$(inherited)",
					"@executable_path/Frameworks",
				);
				MARKETING_VERSION = 1.0;
				PRODUCT_BUNDLE_IDENTIFIER = "app.yamamoto.aruchan.Novel-app";
				PRODUCT_NAME = "$(TARGET_NAME)";
				SWIFT_EMIT_LOC_STRINGS = YES;
				SWIFT_VERSION = 5.0;
				TARGETED_DEVICE_FAMILY = "1,2";
			};
			name = Debug;
		};
		72313BD82BFF7A0700F26806 /* Release */ = {
			isa = XCBuildConfiguration;
			buildSettings = {
				ASSETCATALOG_COMPILER_APPICON_NAME = AppIcon;
				ASSETCATALOG_COMPILER_GLOBAL_ACCENT_COLOR_NAME = AccentColor;
				CODE_SIGN_STYLE = Automatic;
				CURRENT_PROJECT_VERSION = 1;
				DEVELOPMENT_TEAM = T2SK837QN7;
				GENERATE_INFOPLIST_FILE = YES;
				INFOPLIST_FILE = Novel_app/Info.plist;
				INFOPLIST_KEY_UIApplicationSupportsIndirectInputEvents = YES;
				INFOPLIST_KEY_UILaunchStoryboardName = LaunchScreen;
				INFOPLIST_KEY_UIMainStoryboardFile = Main;
				INFOPLIST_KEY_UISupportedInterfaceOrientations_iPad = "UIInterfaceOrientationPortrait UIInterfaceOrientationPortraitUpsideDown UIInterfaceOrientationLandscapeLeft UIInterfaceOrientationLandscapeRight";
				INFOPLIST_KEY_UISupportedInterfaceOrientations_iPhone = "UIInterfaceOrientationPortrait UIInterfaceOrientationLandscapeLeft UIInterfaceOrientationLandscapeRight";
				LD_RUNPATH_SEARCH_PATHS = (
					"$(inherited)",
					"@executable_path/Frameworks",
				);
				MARKETING_VERSION = 1.0;
				PRODUCT_BUNDLE_IDENTIFIER = "app.yamamoto.aruchan.Novel-app";
				PRODUCT_NAME = "$(TARGET_NAME)";
				SWIFT_EMIT_LOC_STRINGS = YES;
				SWIFT_VERSION = 5.0;
				TARGETED_DEVICE_FAMILY = "1,2";
			};
			name = Release;
		};
/* End XCBuildConfiguration section */

/* Begin XCConfigurationList section */
		72313BBD2BFF7A0600F26806 /* Build configuration list for PBXProject "Novel_app" */ = {
			isa = XCConfigurationList;
			buildConfigurations = (
				72313BD42BFF7A0700F26806 /* Debug */,
				72313BD52BFF7A0700F26806 /* Release */,
			);
			defaultConfigurationIsVisible = 0;
			defaultConfigurationName = Release;
		};
		72313BD62BFF7A0700F26806 /* Build configuration list for PBXNativeTarget "Novel_app" */ = {
			isa = XCConfigurationList;
			buildConfigurations = (
				72313BD72BFF7A0700F26806 /* Debug */,
				72313BD82BFF7A0700F26806 /* Release */,
			);
			defaultConfigurationIsVisible = 0;
			defaultConfigurationName = Release;
		};
/* End XCConfigurationList section */

/* Begin XCRemoteSwiftPackageReference section */
		72313BDB2BFF7D7200F26806 /* XCRemoteSwiftPackageReference "firebase-ios-sdk" */ = {
			isa = XCRemoteSwiftPackageReference;
			repositoryURL = "https://github.com/firebase/firebase-ios-sdk";
			requirement = {
				kind = upToNextMajorVersion;
				minimumVersion = 10.26.0;
			};
		};
/* End XCRemoteSwiftPackageReference section */

/* Begin XCSwiftPackageProductDependency section */
		72313BDD2BFF804C00F26806 /* FirebaseAuth */ = {
			isa = XCSwiftPackageProductDependency;
			package = 72313BDB2BFF7D7200F26806 /* XCRemoteSwiftPackageReference "firebase-ios-sdk" */;
			productName = FirebaseAuth;
		};
		72313BDF2BFF80F100F26806 /* FirebaseFirestore */ = {
			isa = XCSwiftPackageProductDependency;
			package = 72313BDB2BFF7D7200F26806 /* XCRemoteSwiftPackageReference "firebase-ios-sdk" */;
			productName = FirebaseFirestore;
		};
/* End XCSwiftPackageProductDependency section */
	};
	rootObject = 72313BBA2BFF7A0600F26806 /* Project object */;
}
